
Microsoft Visual Studio Solution File, Format Version 12.00
# Visual Studio Version 17
VisualStudioVersion = 17.7.34202.233
MinimumVisualStudioVersion = 10.0.40219.1
Project("{FAE04EC0-301F-11D3-BF4B-00C04F79EFBC}") = "MaSV_MyStore", "MaSV_MyStory\MaSV_MyStore.csproj", "{DE7240AA-57ED-4530-97D5-7122A1F05F9A}"
EndProject
Global
	GlobalSection(SolutionConfigurationPlatforms) = preSolution
		Debug|Any CPU = Debug|Any CPU
		Release|Any CPU = Release|Any CPU
	EndGlobalSection
	GlobalSection(ProjectConfigurationPlatforms) = postSolution
		{DE7240AA-57ED-4530-97D5-7122A1F05F9A}.Debug|Any CPU.ActiveCfg = Debug|Any CPU
		{DE7240AA-57ED-4530-97D5-7122A1F05F9A}.Debug|Any CPU.Build.0 = Debug|Any CPU
		{DE7240AA-57ED-4530-97D5-7122A1F05F9A}.Release|Any CPU.ActiveCfg = Release|Any CPU
		{DE7240AA-57ED-4530-97D5-7122A1F05F9A}.Release|Any CPU.Build.0 = Release|Any CPU
	EndGlobalSection
	GlobalSection(SolutionProperties) = preSolution
		HideSolutionNode = FALSE
	EndGlobalSection
	GlobalSection(ExtensibilityGlobals) = postSolution
		SolutionGuid = {946BF7FD-2B82-46CA-AD39-96420627C762}
	EndGlobalSection
EndGlobal
